
Microsoft Visual Studio Solution File, Format Version 12.00
# Visual Studio Express 14 for Windows Desktop
VisualStudioVersion = 14.0.24720.0
MinimumVisualStudioVersion = 10.0.40219.1
Project("{FAE04EC0-301F-11D3-BF4B-00C04F79EFBC}") = "SimpleAddRecursion", "SimpleAddRecursion\SimpleAddRecursion.csproj", "{4009E91C-03C2-401E-B3F0-2EC19A96251B}"
EndProject
Global
	GlobalSection(SolutionConfigurationPlatforms) = preSolution
		Debug|Any CPU = Debug|Any CPU
		Release|Any CPU = Release|Any CPU
	EndGlobalSection
	GlobalSection(ProjectConfigurationPlatforms) = postSolution
		{4009E91C-03C2-401E-B3F0-2EC19A96251B}.Debug|Any CPU.ActiveCfg = Debug|Any CPU
		{4009E91C-03C2-401E-B3F0-2EC19A96251B}.Debug|Any CPU.Build.0 = Debug|Any CPU
		{4009E91C-03C2-401E-B3F0-2EC19A96251B}.Release|Any CPU.ActiveCfg = Release|Any CPU
		{4009E91C-03C2-401E-B3F0-2EC19A96251B}.Release|Any CPU.Build.0 = Release|Any CPU
	EndGlobalSection
	GlobalSection(SolutionProperties) = preSolution
		HideSolutionNode = FALSE
	EndGlobalSection
EndGlobal
